
Microsoft Visual Studio Solution File, Format Version 12.00
# Visual Studio Version 17
VisualStudioVersion = 17.8.34316.72
MinimumVisualStudioVersion = 10.0.40219.1
Project("{FAE04EC0-301F-11D3-BF4B-00C04F79EFBC}") = "Aplikace", "Aplikace.csproj", "{AF46ECFC-6C97-4FBB-A619-79E51BA946C5}"
EndProject
Global
	GlobalSection(SolutionConfigurationPlatforms) = preSolution
		Debug|Any CPU = Debug|Any CPU
		Release|Any CPU = Release|Any CPU
	EndGlobalSection
	GlobalSection(ProjectConfigurationPlatforms) = postSolution
		{AF46ECFC-6C97-4FBB-A619-79E51BA946C5}.Debug|Any CPU.ActiveCfg = Debug|Any CPU
		{AF46ECFC-6C97-4FBB-A619-79E51BA946C5}.Debug|Any CPU.Build.0 = Debug|Any CPU
		{AF46ECFC-6C97-4FBB-A619-79E51BA946C5}.Release|Any CPU.ActiveCfg = Release|Any CPU
		{AF46ECFC-6C97-4FBB-A619-79E51BA946C5}.Release|Any CPU.Build.0 = Release|Any CPU
	EndGlobalSection
	GlobalSection(SolutionProperties) = preSolution
		HideSolutionNode = FALSE
	EndGlobalSection
	GlobalSection(ExtensibilityGlobals) = postSolution
		SolutionGuid = {7FEBEAB0-8008-4A47-96F3-44794653E322}
	EndGlobalSection
EndGlobal
